
Microsoft Visual Studio Solution File, Format Version 12.00
# Visual Studio Version 17
VisualStudioVersion = 17.10.35122.118
MinimumVisualStudioVersion = 10.0.40219.1
Project("{FAE04EC0-301F-11D3-BF4B-00C04F79EFBC}") = "XadrezConsole", "XadrezConsole\XadrezConsole.csproj", "{2562C8BC-51BA-46E8-B66C-E1D97BFDD0F6}"
EndProject
Global
	GlobalSection(SolutionConfigurationPlatforms) = preSolution
		Debug|Any CPU = Debug|Any CPU
		Release|Any CPU = Release|Any CPU
	EndGlobalSection
	GlobalSection(ProjectConfigurationPlatforms) = postSolution
		{2562C8BC-51BA-46E8-B66C-E1D97BFDD0F6}.Debug|Any CPU.ActiveCfg = Debug|Any CPU
		{2562C8BC-51BA-46E8-B66C-E1D97BFDD0F6}.Debug|Any CPU.Build.0 = Debug|Any CPU
		{2562C8BC-51BA-46E8-B66C-E1D97BFDD0F6}.Release|Any CPU.ActiveCfg = Release|Any CPU
		{2562C8BC-51BA-46E8-B66C-E1D97BFDD0F6}.Release|Any CPU.Build.0 = Release|Any CPU
	EndGlobalSection
	GlobalSection(SolutionProperties) = preSolution
		HideSolutionNode = FALSE
	EndGlobalSection
	GlobalSection(ExtensibilityGlobals) = postSolution
		SolutionGuid = {6FDA411E-B5C1-4F95-9523-119881CCE892}
	EndGlobalSection
EndGlobal
